// !$*UTF8*$!
{
	archiveVersion = 1;
	classes = {
	};
	objectVersion = 48;
	objects = {

/* Begin PBXBuildFile section */
		2521C9131F43091100356054 /* AppDelegate.swift in Sources */ = {isa = PBXBuildFile; fileRef = 2521C9121F43091100356054 /* AppDelegate.swift */; };
		2521C9151F43091100356054 /* ViewController.swift in Sources */ = {isa = PBXBuildFile; fileRef = 2521C9141F43091100356054 /* ViewController.swift */; };
		2521C9181F43091100356054 /* Main.storyboard in Resources */ = {isa = PBXBuildFile; fileRef = 2521C9161F43091100356054 /* Main.storyboard */; };
		2521C91A1F43091100356054 /* Assets.xcassets in Resources */ = {isa = PBXBuildFile; fileRef = 2521C9191F43091100356054 /* Assets.xcassets */; };
		2521C91D1F43091100356054 /* LaunchScreen.storyboard in Resources */ = {isa = PBXBuildFile; fileRef = 2521C91B1F43091100356054 /* LaunchScreen.storyboard */; };
		2521C92B1F430BB500356054 /* Profile.swift in Sources */ = {isa = PBXBuildFile; fileRef = 2521C92A1F430BB500356054 /* Profile.swift */; };
		2521C92D1F430BCA00356054 /* Friend.swift in Sources */ = {isa = PBXBuildFile; fileRef = 2521C92C1F430BCA00356054 /* Friend.swift */; };
		2521C92F1F430BDB00356054 /* Attribute.swift in Sources */ = {isa = PBXBuildFile; fileRef = 2521C92E1F430BDB00356054 /* Attribute.swift */; };
/* End PBXBuildFile section */

/* Begin PBXFileReference section */
		2521C90F1F43091100356054 /* TableViewExpandableCell.app */ = {isa = PBXFileReference; explicitFileType = wrapper.application; includeInIndex = 0; path = TableViewExpandableCell.app; sourceTree = BUILT_PRODUCTS_DIR; };
		2521C9121F43091100356054 /* AppDelegate.swift */ = {isa = PBXFileReference; lastKnownFileType = sourcecode.swift; path = AppDelegate.swift; sourceTree = "<group>"; };
		2521C9141F43091100356054 /* ViewController.swift */ = {isa = PBXFileReference; lastKnownFileType = sourcecode.swift; path = ViewController.swift; sourceTree = "<group>"; };
		2521C9171F43091100356054 /* Base */ = {isa = PBXFileReference; lastKnownFileType = file.storyboard; name = Base; path = Base.lproj/Main.storyboard; sourceTree = "<group>"; };
		2521C9191F43091100356054 /* Assets.xcassets */ = {isa = PBXFileReference; lastKnownFileType = folder.assetcatalog; path = Assets.xcassets; sourceTree = "<group>"; };
		2521C91C1F43091100356054 /* Base */ = {isa = PBXFileReference; lastKnownFileType = file.storyboard; name = Base; path = Base.lproj/LaunchScreen.storyboard; sourceTree = "<group>"; };
		2521C91E1F43091100356054 /* Info.plist */ = {isa = PBXFileReference; lastKnownFileType = text.plist.xml; path = Info.plist; sourceTree = "<group>"; };
		2521C9281F430AAD00356054 /* ServerData.json */ = {isa = PBXFileReference; lastKnownFileType = text.json; path = ServerData.json; sourceTree = "<group>"; };
		2521C92A1F430BB500356054 /* Profile.swift */ = {isa = PBXFileReference; lastKnownFileType = sourcecode.swift; path = Profile.swift; sourceTree = "<group>"; };
		2521C92C1F430BCA00356054 /* Friend.swift */ = {isa = PBXFileReference; lastKnownFileType = sourcecode.swift; path = Friend.swift; sourceTree = "<group>"; };
		2521C92E1F430BDB00356054 /* Attribute.swift */ = {isa = PBXFileReference; lastKnownFileType = sourcecode.swift; path = Attribute.swift; sourceTree = "<group>"; };
/* End PBXFileReference section */

/* Begin PBXFrameworksBuildPhase section */
		2521C90C1F43091100356054 /* Frameworks */ = {
			isa = PBXFrameworksBuildPhase;
			buildActionMask = 2147483647;
			files = (
			);
			runOnlyForDeploymentPostprocessing = 0;
		};
/* End PBXFrameworksBuildPhase section */

/* Begin PBXGroup section */
		2521C9061F43091100356054 = {
			isa = PBXGroup;
			children = (
				2521C9111F43091100356054 /* TableViewExpandableCell */,
				2521C9101F43091100356054 /* Products */,
			);
			sourceTree = "<group>";
		};
		2521C9101F43091100356054 /* Products */ = {
			isa = PBXGroup;
			children = (
				2521C90F1F43091100356054 /* TableViewExpandableCell.app */,
			);
			name = Products;
			sourceTree = "<group>";
		};
		2521C9111F43091100356054 /* TableViewExpandableCell */ = {
			isa = PBXGroup;
			children = (
				2521C9301F430ED000356054 /* ViewModel */,
				2521C9291F430B9500356054 /* Model */,
				2521C9281F430AAD00356054 /* ServerData.json */,
				2521C9251F43094100356054 /* ViewControllers */,
				2521C9241F43092C00356054 /* Supporting Files */,
				2521C9161F43091100356054 /* Main.storyboard */,
				2521C91E1F43091100356054 /* Info.plist */,
			);
			path = TableViewExpandableCell;
			sourceTree = "<group>";
		};
		2521C9241F43092C00356054 /* Supporting Files */ = {
			isa = PBXGroup;
			children = (
				2521C9121F43091100356054 /* AppDelegate.swift */,
				2521C9191F43091100356054 /* Assets.xcassets */,
				2521C91B1F43091100356054 /* LaunchScreen.storyboard */,
			);
			path = "Supporting Files";
			sourceTree = "<group>";
		};
		2521C9251F43094100356054 /* ViewControllers */ = {
			isa = PBXGroup;
			children = (
				2521C9141F43091100356054 /* ViewController.swift */,
			);
			path = ViewControllers;
			sourceTree = "<group>";
		};
		2521C9291F430B9500356054 /* Model */ = {
			isa = PBXGroup;
			children = (
				2521C92A1F430BB500356054 /* Profile.swift */,
				2521C92C1F430BCA00356054 /* Friend.swift */,
				2521C92E1F430BDB00356054 /* Attribute.swift */,
			);
			path = Model;
			sourceTree = "<group>";
		};
		2521C9301F430ED000356054 /* ViewModel */ = {
			isa = PBXGroup;
			children = (
			);
			path = ViewModel;
			sourceTree = "<group>";
		};
/* End PBXGroup section */

/* Begin PBXNativeTarget section */
		2521C90E1F43091100356054 /* TableViewExpandableCell */ = {
			isa = PBXNativeTarget;
			buildConfigurationList = 2521C9211F43091100356054 /* Build configuration list for PBXNativeTarget "TableViewExpandableCell" */;
			buildPhases = (
				2521C90B1F43091100356054 /* Sources */,
				2521C90C1F43091100356054 /* Frameworks */,
				2521C90D1F43091100356054 /* Resources */,
			);
			buildRules = (
			);
			dependencies = (
			);
			name = TableViewExpandableCell;
			productName = TableViewExpandableCell;
			productReference = 2521C90F1F43091100356054 /* TableViewExpandableCell.app */;
			productType = "com.apple.product-type.application";
		};
/* End PBXNativeTarget section */

/* Begin PBXProject section */
		2521C9071F43091100356054 /* Project object */ = {
			isa = PBXProject;
			attributes = {
				LastSwiftUpdateCheck = 0900;
				LastUpgradeCheck = 0900;
				ORGANIZATIONNAME = self.learning;
				TargetAttributes = {
					2521C90E1F43091100356054 = {
						CreatedOnToolsVersion = 9.0;
					};
				};
			};
			buildConfigurationList = 2521C90A1F43091100356054 /* Build configuration list for PBXProject "TableViewExpandableCell" */;
			compatibilityVersion = "Xcode 8.0";
			developmentRegion = en;
			hasScannedForEncodings = 0;
			knownRegions = (
				en,
				Base,
			);
			mainGroup = 2521C9061F43091100356054;
			productRefGroup = 2521C9101F43091100356054 /* Products */;
			projectDirPath = "";
			projectRoot = "";
			targets = (
				2521C90E1F43091100356054 /* TableViewExpandableCell */,
			);
		};
/* End PBXProject section */

/* Begin PBXResourcesBuildPhase section */
		2521C90D1F43091100356054 /* Resources */ = {
			isa = PBXResourcesBuildPhase;
			buildActionMask = 2147483647;
			files = (
				2521C91D1F43091100356054 /* LaunchScreen.storyboard in Resources */,
				2521C91A1F43091100356054 /* Assets.xcassets in Resources */,
				2521C9181F43091100356054 /* Main.storyboard in Resources */,
			);
			runOnlyForDeploymentPostprocessing = 0;
		};
/* End PBXResourcesBuildPhase section */

/* Begin PBXSourcesBuildPhase section */
		2521C90B1F43091100356054 /* Sources */ = {
			isa = PBXSourcesBuildPhase;
			buildActionMask = 2147483647;
			files = (
				2521C92F1F430BDB00356054 /* Attribute.swift in Sources */,
				2521C9151F43091100356054 /* ViewController.swift in Sources */,
				2521C92B1F430BB500356054 /* Profile.swift in Sources */,
				2521C9131F43091100356054 /* AppDelegate.swift in Sources */,
				2521C92D1F430BCA00356054 /* Friend.swift in Sources */,
			);
			runOnlyForDeploymentPostprocessing = 0;
		};
/* End PBXSourcesBuildPhase section */

/* Begin PBXVariantGroup section */
		2521C9161F43091100356054 /* Main.storyboard */ = {
			isa = PBXVariantGroup;
			children = (
				2521C9171F43091100356054 /* Base */,
			);
			name = Main.storyboard;
			sourceTree = "<group>";
		};
		2521C91B1F43091100356054 /* LaunchScreen.storyboard */ = {
			isa = PBXVariantGroup;
			children = (
				2521C91C1F43091100356054 /* Base */,
			);
			name = LaunchScreen.storyboard;
			path = ..;
			sourceTree = "<group>";
		};
/* End PBXVariantGroup section */

/* Begin XCBuildConfiguration section */
		2521C91F1F43091100356054 /* Debug */ = {
			isa = XCBuildConfiguration;
			buildSettings = {
				ALWAYS_SEARCH_USER_PATHS = NO;
				CLANG_ANALYZER_NONNULL = YES;
				CLANG_ANALYZER_NUMBER_OBJECT_CONVERSION = YES_AGGRESSIVE;
				CLANG_CXX_LANGUAGE_STANDARD = "gnu++14";
				CLANG_CXX_LIBRARY = "libc++";
				CLANG_ENABLE_MODULES = YES;
				CLANG_ENABLE_OBJC_ARC = YES;
				CLANG_WARN_BLOCK_CAPTURE_AUTORELEASING = YES;
				CLANG_WARN_BOOL_CONVERSION = YES;
				CLANG_WARN_COMMA = YES;
				CLANG_WARN_CONSTANT_CONVERSION = YES;
				CLANG_WARN_DIRECT_OBJC_ISA_USAGE = YES_ERROR;
				CLANG_WARN_DOCUMENTATION_COMMENTS = YES;
				CLANG_WARN_EMPTY_BODY = YES;
				CLANG_WARN_ENUM_CONVERSION = YES;
				CLANG_WARN_INFINITE_RECURSION = YES;
				CLANG_WARN_INT_CONVERSION = YES;
				CLANG_WARN_OBJC_ROOT_CLASS = YES_ERROR;
				CLANG_WARN_RANGE_LOOP_ANALYSIS = YES;
				CLANG_WARN_STRICT_PROTOTYPES = YES;
				CLANG_WARN_SUSPICIOUS_MOVE = YES;
				CLANG_WARN_UNGUARDED_AVAILABILITY = YES_AGGRESSIVE;
				CLANG_WARN_UNREACHABLE_CODE = YES;
				CLANG_WARN__DUPLICATE_METHOD_MATCH = YES;
				CODE_SIGN_IDENTITY = "iPhone Developer";
				COPY_PHASE_STRIP = NO;
				DEBUG_INFORMATION_FORMAT = dwarf;
				ENABLE_STRICT_OBJC_MSGSEND = YES;
				ENABLE_TESTABILITY = YES;
				GCC_C_LANGUAGE_STANDARD = gnu11;
				GCC_DYNAMIC_NO_PIC = NO;
				GCC_NO_COMMON_BLOCKS = YES;
				GCC_OPTIMIZATION_LEVEL = 0;
				GCC_PREPROCESSOR_DEFINITIONS = (
					"DEBUG=1",
					"$(inherited)",
				);
				GCC_WARN_64_TO_32_BIT_CONVERSION = YES;
				GCC_WARN_ABOUT_RETURN_TYPE = YES_ERROR;
				GCC_WARN_UNDECLARED_SELECTOR = YES;
				GCC_WARN_UNINITIALIZED_AUTOS = YES_AGGRESSIVE;
				GCC_WARN_UNUSED_FUNCTION = YES;
				GCC_WARN_UNUSED_VARIABLE = YES;
				IPHONEOS_DEPLOYMENT_TARGET = 11.0;
				MTL_ENABLE_DEBUG_INFO = YES;
				ONLY_ACTIVE_ARCH = YES;
				SDKROOT = iphoneos;
				SWIFT_ACTIVE_COMPILATION_CONDITIONS = DEBUG;
				SWIFT_OPTIMIZATION_LEVEL = "-Onone";
			};
			name = Debug;
		};
		2521C9201F43091100356054 /* Release */ = {
			isa = XCBuildConfiguration;
			buildSettings = {
				ALWAYS_SEARCH_USER_PATHS = NO;
				CLANG_ANALYZER_NONNULL = YES;
				CLANG_ANALYZER_NUMBER_OBJECT_CONVERSION = YES_AGGRESSIVE;
				CLANG_CXX_LANGUAGE_STANDARD = "gnu++14";
				CLANG_CXX_LIBRARY = "libc++";
				CLANG_ENABLE_MODULES = YES;
				CLANG_ENABLE_OBJC_ARC = YES;
				CLANG_WARN_BLOCK_CAPTURE_AUTORELEASING = YES;
				CLANG_WARN_BOOL_CONVERSION = YES;
				CLANG_WARN_COMMA = YES;
				CLANG_WARN_CONSTANT_CONVERSION = YES;
				CLANG_WARN_DIRECT_OBJC_ISA_USAGE = YES_ERROR;
				CLANG_WARN_DOCUMENTATION_COMMENTS = YES;
				CLANG_WARN_EMPTY_BODY = YES;
				CLANG_WARN_ENUM_CONVERSION = YES;
				CLANG_WARN_INFINITE_RECURSION = YES;
				CLANG_WARN_INT_CONVERSION = YES;
				CLANG_WARN_OBJC_ROOT_CLASS = YES_ERROR;
				CLANG_WARN_RANGE_LOOP_ANALYSIS = YES;
				CLANG_WARN_STRICT_PROTOTYPES = YES;
				CLANG_WARN_SUSPICIOUS_MOVE = YES;
				CLANG_WARN_UNGUARDED_AVAILABILITY = YES_AGGRESSIVE;
				CLANG_WARN_UNREACHABLE_CODE = YES;
				CLANG_WARN__DUPLICATE_METHOD_MATCH = YES;
				CODE_SIGN_IDENTITY = "iPhone Developer";
				COPY_PHASE_STRIP = NO;
				DEBUG_INFORMATION_FORMAT = "dwarf-with-dsym";
				ENABLE_NS_ASSERTIONS = NO;
				ENABLE_STRICT_OBJC_MSGSEND = YES;
				GCC_C_LANGUAGE_STANDARD = gnu11;
				GCC_NO_COMMON_BLOCKS = YES;
				GCC_WARN_64_TO_32_BIT_CONVERSION = YES;
				GCC_WARN_ABOUT_RETURN_TYPE = YES_ERROR;
				GCC_WARN_UNDECLARED_SELECTOR = YES;
				GCC_WARN_UNINITIALIZED_AUTOS = YES_AGGRESSIVE;
				GCC_WARN_UNUSED_FUNCTION = YES;
				GCC_WARN_UNUSED_VARIABLE = YES;
				IPHONEOS_DEPLOYMENT_TARGET = 11.0;
				MTL_ENABLE_DEBUG_INFO = NO;
				SDKROOT = iphoneos;
				SWIFT_OPTIMIZATION_LEVEL = "-Owholemodule";
				VALIDATE_PRODUCT = YES;
			};
			name = Release;
		};
		2521C9221F43091100356054 /* Debug */ = {
			isa = XCBuildConfiguration;
			buildSettings = {
				ASSETCATALOG_COMPILER_APPICON_NAME = AppIcon;
				INFOPLIST_FILE = TableViewExpandableCell/Info.plist;
				LD_RUNPATH_SEARCH_PATHS = "$(inherited) @executable_path/Frameworks";
				PRODUCT_BUNDLE_IDENTIFIER = com.learning.self.TableViewExpandableCell;
				PRODUCT_NAME = "$(TARGET_NAME)";
				SWIFT_VERSION = 4.0;
				TARGETED_DEVICE_FAMILY = "1,2";
			};
			name = Debug;
		};
		2521C9231F43091100356054 /* Release */ = {
			isa = XCBuildConfiguration;
			buildSettings = {
				ASSETCATALOG_COMPILER_APPICON_NAME = AppIcon;
				INFOPLIST_FILE = TableViewExpandableCell/Info.plist;
				LD_RUNPATH_SEARCH_PATHS = "$(inherited) @executable_path/Frameworks";
				PRODUCT_BUNDLE_IDENTIFIER = com.learning.self.TableViewExpandableCell;
				PRODUCT_NAME = "$(TARGET_NAME)";
				SWIFT_VERSION = 4.0;
				TARGETED_DEVICE_FAMILY = "1,2";
			};
			name = Release;
		};
/* End XCBuildConfiguration section */

/* Begin XCConfigurationList section */
		2521C90A1F43091100356054 /* Build configuration list for PBXProject "TableViewExpandableCell" */ = {
			isa = XCConfigurationList;
			buildConfigurations = (
				2521C91F1F43091100356054 /* Debug */,
				2521C9201F43091100356054 /* Release */,
			);
			defaultConfigurationIsVisible = 0;
			defaultConfigurationName = Release;
		};
		2521C9211F43091100356054 /* Build configuration list for PBXNativeTarget "TableViewExpandableCell" */ = {
			isa = XCConfigurationList;
			buildConfigurations = (
				2521C9221F43091100356054 /* Debug */,
				2521C9231F43091100356054 /* Release */,
			);
			defaultConfigurationIsVisible = 0;
		};
/* End XCConfigurationList section */
	};
	rootObject = 2521C9071F43091100356054 /* Project object */;
}
