// !$*UTF8*$!
{
	archiveVersion = 1;
	classes = {
	};
	objectVersion = 46;
	objects = {

/* Begin PBXBuildFile section */
		252445401E33CF79007F3ED1 /* AppDelegate.swift in Sources */ = {isa = PBXBuildFile; fileRef = 2524453F1E33CF79007F3ED1 /* AppDelegate.swift */; };
		252445421E33CF79007F3ED1 /* ViewController.swift in Sources */ = {isa = PBXBuildFile; fileRef = 252445411E33CF79007F3ED1 /* ViewController.swift */; };
		252445451E33CF79007F3ED1 /* Main.storyboard in Resources */ = {isa = PBXBuildFile; fileRef = 252445431E33CF79007F3ED1 /* Main.storyboard */; };
		252445471E33CF79007F3ED1 /* Assets.xcassets in Resources */ = {isa = PBXBuildFile; fileRef = 252445461E33CF79007F3ED1 /* Assets.xcassets */; };
		2524454A1E33CF79007F3ED1 /* LaunchScreen.storyboard in Resources */ = {isa = PBXBuildFile; fileRef = 252445481E33CF79007F3ED1 /* LaunchScreen.storyboard */; };
/* End PBXBuildFile section */

/* Begin PBXFileReference section */
		2524453C1E33CF79007F3ED1 /* CA_FaceApp.app */ = {isa = PBXFileReference; explicitFileType = wrapper.application; includeInIndex = 0; path = CA_FaceApp.app; sourceTree = BUILT_PRODUCTS_DIR; };
		2524453F1E33CF79007F3ED1 /* AppDelegate.swift */ = {isa = PBXFileReference; lastKnownFileType = sourcecode.swift; path = AppDelegate.swift; sourceTree = "<group>"; };
		252445411E33CF79007F3ED1 /* ViewController.swift */ = {isa = PBXFileReference; lastKnownFileType = sourcecode.swift; path = ViewController.swift; sourceTree = "<group>"; };
		252445441E33CF79007F3ED1 /* Base */ = {isa = PBXFileReference; lastKnownFileType = file.storyboard; name = Base; path = Base.lproj/Main.storyboard; sourceTree = "<group>"; };
		252445461E33CF79007F3ED1 /* Assets.xcassets */ = {isa = PBXFileReference; lastKnownFileType = folder.assetcatalog; path = Assets.xcassets; sourceTree = "<group>"; };
		252445491E33CF79007F3ED1 /* Base */ = {isa = PBXFileReference; lastKnownFileType = file.storyboard; name = Base; path = Base.lproj/LaunchScreen.storyboard; sourceTree = "<group>"; };
		2524454B1E33CF79007F3ED1 /* Info.plist */ = {isa = PBXFileReference; lastKnownFileType = text.plist.xml; path = Info.plist; sourceTree = "<group>"; };
/* End PBXFileReference section */

/* Begin PBXFrameworksBuildPhase section */
		252445391E33CF79007F3ED1 /* Frameworks */ = {
			isa = PBXFrameworksBuildPhase;
			buildActionMask = 2147483647;
			files = (
			);
			runOnlyForDeploymentPostprocessing = 0;
		};
/* End PBXFrameworksBuildPhase section */

/* Begin PBXGroup section */
		252445331E33CF79007F3ED1 = {
			isa = PBXGroup;
			children = (
				2524453E1E33CF79007F3ED1 /* CA_FaceApp */,
				2524453D1E33CF79007F3ED1 /* Products */,
			);
			sourceTree = "<group>";
		};
		2524453D1E33CF79007F3ED1 /* Products */ = {
			isa = PBXGroup;
			children = (
				2524453C1E33CF79007F3ED1 /* CA_FaceApp.app */,
			);
			name = Products;
			sourceTree = "<group>";
		};
		2524453E1E33CF79007F3ED1 /* CA_FaceApp */ = {
			isa = PBXGroup;
			children = (
				252445511E33CF90007F3ED1 /* Supporting Files */,
				252445411E33CF79007F3ED1 /* ViewController.swift */,
				252445431E33CF79007F3ED1 /* Main.storyboard */,
			);
			path = CA_FaceApp;
			sourceTree = "<group>";
		};
		252445511E33CF90007F3ED1 /* Supporting Files */ = {
			isa = PBXGroup;
			children = (
				2524453F1E33CF79007F3ED1 /* AppDelegate.swift */,
				252445461E33CF79007F3ED1 /* Assets.xcassets */,
				252445481E33CF79007F3ED1 /* LaunchScreen.storyboard */,
				2524454B1E33CF79007F3ED1 /* Info.plist */,
			);
			name = "Supporting Files";
			sourceTree = "<group>";
		};
/* End PBXGroup section */

/* Begin PBXNativeTarget section */
		2524453B1E33CF79007F3ED1 /* CA_FaceApp */ = {
			isa = PBXNativeTarget;
			buildConfigurationList = 2524454E1E33CF79007F3ED1 /* Build configuration list for PBXNativeTarget "CA_FaceApp" */;
			buildPhases = (
				252445381E33CF79007F3ED1 /* Sources */,
				252445391E33CF79007F3ED1 /* Frameworks */,
				2524453A1E33CF79007F3ED1 /* Resources */,
			);
			buildRules = (
			);
			dependencies = (
			);
			name = CA_FaceApp;
			productName = CA_FaceApp;
			productReference = 2524453C1E33CF79007F3ED1 /* CA_FaceApp.app */;
			productType = "com.apple.product-type.application";
		};
/* End PBXNativeTarget section */

/* Begin PBXProject section */
		252445341E33CF79007F3ED1 /* Project object */ = {
			isa = PBXProject;
			attributes = {
				LastSwiftUpdateCheck = 0820;
				LastUpgradeCheck = 0820;
				ORGANIZATIONNAME = "Self Learning";
				TargetAttributes = {
					2524453B1E33CF79007F3ED1 = {
						CreatedOnToolsVersion = 8.2;
						ProvisioningStyle = Automatic;
					};
				};
			};
			buildConfigurationList = 252445371E33CF79007F3ED1 /* Build configuration list for PBXProject "CA_FaceApp" */;
			compatibilityVersion = "Xcode 3.2";
			developmentRegion = English;
			hasScannedForEncodings = 0;
			knownRegions = (
				en,
				Base,
			);
			mainGroup = 252445331E33CF79007F3ED1;
			productRefGroup = 2524453D1E33CF79007F3ED1 /* Products */;
			projectDirPath = "";
			projectRoot = "";
			targets = (
				2524453B1E33CF79007F3ED1 /* CA_FaceApp */,
			);
		};
/* End PBXProject section */

/* Begin PBXResourcesBuildPhase section */
		2524453A1E33CF79007F3ED1 /* Resources */ = {
			isa = PBXResourcesBuildPhase;
			buildActionMask = 2147483647;
			files = (
				2524454A1E33CF79007F3ED1 /* LaunchScreen.storyboard in Resources */,
				252445471E33CF79007F3ED1 /* Assets.xcassets in Resources */,
				252445451E33CF79007F3ED1 /* Main.storyboard in Resources */,
			);
			runOnlyForDeploymentPostprocessing = 0;
		};
/* End PBXResourcesBuildPhase section */

/* Begin PBXSourcesBuildPhase section */
		252445381E33CF79007F3ED1 /* Sources */ = {
			isa = PBXSourcesBuildPhase;
			buildActionMask = 2147483647;
			files = (
				252445421E33CF79007F3ED1 /* ViewController.swift in Sources */,
				252445401E33CF79007F3ED1 /* AppDelegate.swift in Sources */,
			);
			runOnlyForDeploymentPostprocessing = 0;
		};
/* End PBXSourcesBuildPhase section */

/* Begin PBXVariantGroup section */
		252445431E33CF79007F3ED1 /* Main.storyboard */ = {
			isa = PBXVariantGroup;
			children = (
				252445441E33CF79007F3ED1 /* Base */,
			);
			name = Main.storyboard;
			sourceTree = "<group>";
		};
		252445481E33CF79007F3ED1 /* LaunchScreen.storyboard */ = {
			isa = PBXVariantGroup;
			children = (
				252445491E33CF79007F3ED1 /* Base */,
			);
			name = LaunchScreen.storyboard;
			sourceTree = "<group>";
		};
/* End PBXVariantGroup section */

/* Begin XCBuildConfiguration section */
		2524454C1E33CF79007F3ED1 /* Debug */ = {
			isa = XCBuildConfiguration;
			buildSettings = {
				ALWAYS_SEARCH_USER_PATHS = NO;
				CLANG_ANALYZER_NONNULL = YES;
				CLANG_CXX_LANGUAGE_STANDARD = "gnu++0x";
				CLANG_CXX_LIBRARY = "libc++";
				CLANG_ENABLE_MODULES = YES;
				CLANG_ENABLE_OBJC_ARC = YES;
				CLANG_WARN_BOOL_CONVERSION = YES;
				CLANG_WARN_CONSTANT_CONVERSION = YES;
				CLANG_WARN_DIRECT_OBJC_ISA_USAGE = YES_ERROR;
				CLANG_WARN_DOCUMENTATION_COMMENTS = YES;
				CLANG_WARN_EMPTY_BODY = YES;
				CLANG_WARN_ENUM_CONVERSION = YES;
				CLANG_WARN_INFINITE_RECURSION = YES;
				CLANG_WARN_INT_CONVERSION = YES;
				CLANG_WARN_OBJC_ROOT_CLASS = YES_ERROR;
				CLANG_WARN_SUSPICIOUS_MOVE = YES;
				CLANG_WARN_UNREACHABLE_CODE = YES;
				CLANG_WARN__DUPLICATE_METHOD_MATCH = YES;
				"CODE_SIGN_IDENTITY[sdk=iphoneos*]" = "iPhone Developer";
				COPY_PHASE_STRIP = NO;
				DEBUG_INFORMATION_FORMAT = dwarf;
				ENABLE_STRICT_OBJC_MSGSEND = YES;
				ENABLE_TESTABILITY = YES;
				GCC_C_LANGUAGE_STANDARD = gnu99;
				GCC_DYNAMIC_NO_PIC = NO;
				GCC_NO_COMMON_BLOCKS = YES;
				GCC_OPTIMIZATION_LEVEL = 0;
				GCC_PREPROCESSOR_DEFINITIONS = (
					"DEBUG=1",
					"$(inherited)",
				);
				GCC_WARN_64_TO_32_BIT_CONVERSION = YES;
				GCC_WARN_ABOUT_RETURN_TYPE = YES_ERROR;
				GCC_WARN_UNDECLARED_SELECTOR = YES;
				GCC_WARN_UNINITIALIZED_AUTOS = YES_AGGRESSIVE;
				GCC_WARN_UNUSED_FUNCTION = YES;
				GCC_WARN_UNUSED_VARIABLE = YES;
				IPHONEOS_DEPLOYMENT_TARGET = 10.2;
				MTL_ENABLE_DEBUG_INFO = YES;
				ONLY_ACTIVE_ARCH = YES;
				SDKROOT = iphoneos;
				SWIFT_ACTIVE_COMPILATION_CONDITIONS = DEBUG;
				SWIFT_OPTIMIZATION_LEVEL = "-Onone";
				TARGETED_DEVICE_FAMILY = "1,2";
			};
			name = Debug;
		};
		2524454D1E33CF79007F3ED1 /* Release */ = {
			isa = XCBuildConfiguration;
			buildSettings = {
				ALWAYS_SEARCH_USER_PATHS = NO;
				CLANG_ANALYZER_NONNULL = YES;
				CLANG_CXX_LANGUAGE_STANDARD = "gnu++0x";
				CLANG_CXX_LIBRARY = "libc++";
				CLANG_ENABLE_MODULES = YES;
				CLANG_ENABLE_OBJC_ARC = YES;
				CLANG_WARN_BOOL_CONVERSION = YES;
				CLANG_WARN_CONSTANT_CONVERSION = YES;
				CLANG_WARN_DIRECT_OBJC_ISA_USAGE = YES_ERROR;
				CLANG_WARN_DOCUMENTATION_COMMENTS = YES;
				CLANG_WARN_EMPTY_BODY = YES;
				CLANG_WARN_ENUM_CONVERSION = YES;
				CLANG_WARN_INFINITE_RECURSION = YES;
				CLANG_WARN_INT_CONVERSION = YES;
				CLANG_WARN_OBJC_ROOT_CLASS = YES_ERROR;
				CLANG_WARN_SUSPICIOUS_MOVE = YES;
				CLANG_WARN_UNREACHABLE_CODE = YES;
				CLANG_WARN__DUPLICATE_METHOD_MATCH = YES;
				"CODE_SIGN_IDENTITY[sdk=iphoneos*]" = "iPhone Developer";
				COPY_PHASE_STRIP = NO;
				DEBUG_INFORMATION_FORMAT = "dwarf-with-dsym";
				ENABLE_NS_ASSERTIONS = NO;
				ENABLE_STRICT_OBJC_MSGSEND = YES;
				GCC_C_LANGUAGE_STANDARD = gnu99;
				GCC_NO_COMMON_BLOCKS = YES;
				GCC_WARN_64_TO_32_BIT_CONVERSION = YES;
				GCC_WARN_ABOUT_RETURN_TYPE = YES_ERROR;
				GCC_WARN_UNDECLARED_SELECTOR = YES;
				GCC_WARN_UNINITIALIZED_AUTOS = YES_AGGRESSIVE;
				GCC_WARN_UNUSED_FUNCTION = YES;
				GCC_WARN_UNUSED_VARIABLE = YES;
				IPHONEOS_DEPLOYMENT_TARGET = 10.2;
				MTL_ENABLE_DEBUG_INFO = NO;
				SDKROOT = iphoneos;
				SWIFT_OPTIMIZATION_LEVEL = "-Owholemodule";
				TARGETED_DEVICE_FAMILY = "1,2";
				VALIDATE_PRODUCT = YES;
			};
			name = Release;
		};
		2524454F1E33CF79007F3ED1 /* Debug */ = {
			isa = XCBuildConfiguration;
			buildSettings = {
				ASSETCATALOG_COMPILER_APPICON_NAME = AppIcon;
				INFOPLIST_FILE = CA_FaceApp/Info.plist;
				LD_RUNPATH_SEARCH_PATHS = "$(inherited) @executable_path/Frameworks";
				PRODUCT_BUNDLE_IDENTIFIER = "com.slearning.CA-FaceApp";
				PRODUCT_NAME = "$(TARGET_NAME)";
				SWIFT_VERSION = 3.0;
			};
			name = Debug;
		};
		252445501E33CF79007F3ED1 /* Release */ = {
			isa = XCBuildConfiguration;
			buildSettings = {
				ASSETCATALOG_COMPILER_APPICON_NAME = AppIcon;
				INFOPLIST_FILE = CA_FaceApp/Info.plist;
				LD_RUNPATH_SEARCH_PATHS = "$(inherited) @executable_path/Frameworks";
				PRODUCT_BUNDLE_IDENTIFIER = "com.slearning.CA-FaceApp";
				PRODUCT_NAME = "$(TARGET_NAME)";
				SWIFT_VERSION = 3.0;
			};
			name = Release;
		};
/* End XCBuildConfiguration section */

/* Begin XCConfigurationList section */
		252445371E33CF79007F3ED1 /* Build configuration list for PBXProject "CA_FaceApp" */ = {
			isa = XCConfigurationList;
			buildConfigurations = (
				2524454C1E33CF79007F3ED1 /* Debug */,
				2524454D1E33CF79007F3ED1 /* Release */,
			);
			defaultConfigurationIsVisible = 0;
			defaultConfigurationName = Release;
		};
		2524454E1E33CF79007F3ED1 /* Build configuration list for PBXNativeTarget "CA_FaceApp" */ = {
			isa = XCConfigurationList;
			buildConfigurations = (
				2524454F1E33CF79007F3ED1 /* Debug */,
				252445501E33CF79007F3ED1 /* Release */,
			);
			defaultConfigurationIsVisible = 0;
		};
/* End XCConfigurationList section */
	};
	rootObject = 252445341E33CF79007F3ED1 /* Project object */;
}
