// !$*UTF8*$!
{
	archiveVersion = 1;
	classes = {
	};
	objectVersion = 46;
	objects = {

/* Begin PBXBuildFile section */
		252637461E6DC53400B6B21A /* AppDelegate.swift in Sources */ = {isa = PBXBuildFile; fileRef = 252637451E6DC53400B6B21A /* AppDelegate.swift */; };
		252637481E6DC53400B6B21A /* ViewController.swift in Sources */ = {isa = PBXBuildFile; fileRef = 252637471E6DC53400B6B21A /* ViewController.swift */; };
		2526374B1E6DC53500B6B21A /* Main.storyboard in Resources */ = {isa = PBXBuildFile; fileRef = 252637491E6DC53500B6B21A /* Main.storyboard */; };
		2526374D1E6DC53500B6B21A /* Assets.xcassets in Resources */ = {isa = PBXBuildFile; fileRef = 2526374C1E6DC53500B6B21A /* Assets.xcassets */; };
		252637501E6DC53500B6B21A /* LaunchScreen.storyboard in Resources */ = {isa = PBXBuildFile; fileRef = 2526374E1E6DC53500B6B21A /* LaunchScreen.storyboard */; };
		25A919E71E750E59008EEA99 /* NotificationService.swift in Sources */ = {isa = PBXBuildFile; fileRef = 25A919E61E750E59008EEA99 /* NotificationService.swift */; };
		25A919EB1E750E59008EEA99 /* ServiceExtension.appex in Embed App Extensions */ = {isa = PBXBuildFile; fileRef = 25A919E41E750E59008EEA99 /* ServiceExtension.appex */; settings = {ATTRIBUTES = (RemoveHeadersOnCopy, ); }; };
		25A919F01E7511B5008EEA99 /* giphy.gif in Resources */ = {isa = PBXBuildFile; fileRef = 25A919EF1E7511B5008EEA99 /* giphy.gif */; };
		25F532311E6F3F4000BA2A43 /* UserNotifications.framework in Frameworks */ = {isa = PBXBuildFile; fileRef = 25F532301E6F3F4000BA2A43 /* UserNotifications.framework */; };
		25F532331E6F3F4000BA2A43 /* UserNotificationsUI.framework in Frameworks */ = {isa = PBXBuildFile; fileRef = 25F532321E6F3F4000BA2A43 /* UserNotificationsUI.framework */; };
		25F532361E6F3F4000BA2A43 /* NotificationViewController.swift in Sources */ = {isa = PBXBuildFile; fileRef = 25F532351E6F3F4000BA2A43 /* NotificationViewController.swift */; };
		25F532391E6F3F4000BA2A43 /* MainInterface.storyboard in Resources */ = {isa = PBXBuildFile; fileRef = 25F532371E6F3F4000BA2A43 /* MainInterface.storyboard */; };
		25F5323D1E6F3F4000BA2A43 /* ContentExt.appex in Embed App Extensions */ = {isa = PBXBuildFile; fileRef = 25F5322E1E6F3F4000BA2A43 /* ContentExt.appex */; settings = {ATTRIBUTES = (RemoveHeadersOnCopy, ); }; };
/* End PBXBuildFile section */

/* Begin PBXContainerItemProxy section */
		25A919E91E750E59008EEA99 /* PBXContainerItemProxy */ = {
			isa = PBXContainerItemProxy;
			containerPortal = 2526373A1E6DC53400B6B21A /* Project object */;
			proxyType = 1;
			remoteGlobalIDString = 25A919E31E750E59008EEA99;
			remoteInfo = ServiceExtension;
		};
		25F5323B1E6F3F4000BA2A43 /* PBXContainerItemProxy */ = {
			isa = PBXContainerItemProxy;
			containerPortal = 2526373A1E6DC53400B6B21A /* Project object */;
			proxyType = 1;
			remoteGlobalIDString = 25F5322D1E6F3F4000BA2A43;
			remoteInfo = ContentExt;
		};
/* End PBXContainerItemProxy section */

/* Begin PBXCopyFilesBuildPhase section */
		25F532091E6F365300BA2A43 /* Embed App Extensions */ = {
			isa = PBXCopyFilesBuildPhase;
			buildActionMask = 2147483647;
			dstPath = "";
			dstSubfolderSpec = 13;
			files = (
				25A919EB1E750E59008EEA99 /* ServiceExtension.appex in Embed App Extensions */,
				25F5323D1E6F3F4000BA2A43 /* ContentExt.appex in Embed App Extensions */,
			);
			name = "Embed App Extensions";
			runOnlyForDeploymentPostprocessing = 0;
		};
/* End PBXCopyFilesBuildPhase section */

/* Begin PBXFileReference section */
		252637421E6DC53400B6B21A /* UNNotificationDemo.app */ = {isa = PBXFileReference; explicitFileType = wrapper.application; includeInIndex = 0; path = UNNotificationDemo.app; sourceTree = BUILT_PRODUCTS_DIR; };
		252637451E6DC53400B6B21A /* AppDelegate.swift */ = {isa = PBXFileReference; lastKnownFileType = sourcecode.swift; path = AppDelegate.swift; sourceTree = "<group>"; };
		252637471E6DC53400B6B21A /* ViewController.swift */ = {isa = PBXFileReference; lastKnownFileType = sourcecode.swift; path = ViewController.swift; sourceTree = "<group>"; };
		2526374A1E6DC53500B6B21A /* Base */ = {isa = PBXFileReference; lastKnownFileType = file.storyboard; name = Base; path = Base.lproj/Main.storyboard; sourceTree = "<group>"; };
		2526374C1E6DC53500B6B21A /* Assets.xcassets */ = {isa = PBXFileReference; lastKnownFileType = folder.assetcatalog; path = Assets.xcassets; sourceTree = "<group>"; };
		2526374F1E6DC53500B6B21A /* Base */ = {isa = PBXFileReference; lastKnownFileType = file.storyboard; name = Base; path = Base.lproj/LaunchScreen.storyboard; sourceTree = "<group>"; };
		252637511E6DC53500B6B21A /* Info.plist */ = {isa = PBXFileReference; lastKnownFileType = text.plist.xml; path = Info.plist; sourceTree = "<group>"; };
		25A919E41E750E59008EEA99 /* ServiceExtension.appex */ = {isa = PBXFileReference; explicitFileType = "wrapper.app-extension"; includeInIndex = 0; path = ServiceExtension.appex; sourceTree = BUILT_PRODUCTS_DIR; };
		25A919E61E750E59008EEA99 /* NotificationService.swift */ = {isa = PBXFileReference; lastKnownFileType = sourcecode.swift; path = NotificationService.swift; sourceTree = "<group>"; };
		25A919E81E750E59008EEA99 /* Info.plist */ = {isa = PBXFileReference; lastKnownFileType = text.plist.xml; path = Info.plist; sourceTree = "<group>"; };
		25A919EF1E7511B5008EEA99 /* giphy.gif */ = {isa = PBXFileReference; lastKnownFileType = image.gif; path = giphy.gif; sourceTree = "<group>"; };
		25F5322E1E6F3F4000BA2A43 /* ContentExt.appex */ = {isa = PBXFileReference; explicitFileType = "wrapper.app-extension"; includeInIndex = 0; path = ContentExt.appex; sourceTree = BUILT_PRODUCTS_DIR; };
		25F532301E6F3F4000BA2A43 /* UserNotifications.framework */ = {isa = PBXFileReference; lastKnownFileType = wrapper.framework; name = UserNotifications.framework; path = System/Library/Frameworks/UserNotifications.framework; sourceTree = SDKROOT; };
		25F532321E6F3F4000BA2A43 /* UserNotificationsUI.framework */ = {isa = PBXFileReference; lastKnownFileType = wrapper.framework; name = UserNotificationsUI.framework; path = System/Library/Frameworks/UserNotificationsUI.framework; sourceTree = SDKROOT; };
		25F532351E6F3F4000BA2A43 /* NotificationViewController.swift */ = {isa = PBXFileReference; lastKnownFileType = sourcecode.swift; path = NotificationViewController.swift; sourceTree = "<group>"; };
		25F532381E6F3F4000BA2A43 /* Base */ = {isa = PBXFileReference; lastKnownFileType = file.storyboard; name = Base; path = Base.lproj/MainInterface.storyboard; sourceTree = "<group>"; };
		25F5323A1E6F3F4000BA2A43 /* Info.plist */ = {isa = PBXFileReference; lastKnownFileType = text.plist.xml; path = Info.plist; sourceTree = "<group>"; };
/* End PBXFileReference section */

/* Begin PBXFrameworksBuildPhase section */
		2526373F1E6DC53400B6B21A /* Frameworks */ = {
			isa = PBXFrameworksBuildPhase;
			buildActionMask = 2147483647;
			files = (
			);
			runOnlyForDeploymentPostprocessing = 0;
		};
		25A919E11E750E59008EEA99 /* Frameworks */ = {
			isa = PBXFrameworksBuildPhase;
			buildActionMask = 2147483647;
			files = (
			);
			runOnlyForDeploymentPostprocessing = 0;
		};
		25F5322B1E6F3F4000BA2A43 /* Frameworks */ = {
			isa = PBXFrameworksBuildPhase;
			buildActionMask = 2147483647;
			files = (
				25F532331E6F3F4000BA2A43 /* UserNotificationsUI.framework in Frameworks */,
				25F532311E6F3F4000BA2A43 /* UserNotifications.framework in Frameworks */,
			);
			runOnlyForDeploymentPostprocessing = 0;
		};
/* End PBXFrameworksBuildPhase section */

/* Begin PBXGroup section */
		252637391E6DC53400B6B21A = {
			isa = PBXGroup;
			children = (
				252637441E6DC53400B6B21A /* UNNotificationDemo */,
				25F532341E6F3F4000BA2A43 /* ContentExt */,
				25A919E51E750E59008EEA99 /* ServiceExtension */,
				25F5322F1E6F3F4000BA2A43 /* Frameworks */,
				252637431E6DC53400B6B21A /* Products */,
			);
			sourceTree = "<group>";
		};
		252637431E6DC53400B6B21A /* Products */ = {
			isa = PBXGroup;
			children = (
				252637421E6DC53400B6B21A /* UNNotificationDemo.app */,
				25F5322E1E6F3F4000BA2A43 /* ContentExt.appex */,
				25A919E41E750E59008EEA99 /* ServiceExtension.appex */,
			);
			name = Products;
			sourceTree = "<group>";
		};
		252637441E6DC53400B6B21A /* UNNotificationDemo */ = {
			isa = PBXGroup;
			children = (
				252637451E6DC53400B6B21A /* AppDelegate.swift */,
				252637471E6DC53400B6B21A /* ViewController.swift */,
				252637491E6DC53500B6B21A /* Main.storyboard */,
				25A919EF1E7511B5008EEA99 /* giphy.gif */,
				2526374C1E6DC53500B6B21A /* Assets.xcassets */,
				2526374E1E6DC53500B6B21A /* LaunchScreen.storyboard */,
				252637511E6DC53500B6B21A /* Info.plist */,
			);
			path = UNNotificationDemo;
			sourceTree = "<group>";
		};
		25A919E51E750E59008EEA99 /* ServiceExtension */ = {
			isa = PBXGroup;
			children = (
				25A919E61E750E59008EEA99 /* NotificationService.swift */,
				25A919E81E750E59008EEA99 /* Info.plist */,
			);
			path = ServiceExtension;
			sourceTree = "<group>";
		};
		25F5322F1E6F3F4000BA2A43 /* Frameworks */ = {
			isa = PBXGroup;
			children = (
				25F532301E6F3F4000BA2A43 /* UserNotifications.framework */,
				25F532321E6F3F4000BA2A43 /* UserNotificationsUI.framework */,
			);
			name = Frameworks;
			sourceTree = "<group>";
		};
		25F532341E6F3F4000BA2A43 /* ContentExt */ = {
			isa = PBXGroup;
			children = (
				25F532351E6F3F4000BA2A43 /* NotificationViewController.swift */,
				25F532371E6F3F4000BA2A43 /* MainInterface.storyboard */,
				25F5323A1E6F3F4000BA2A43 /* Info.plist */,
			);
			path = ContentExt;
			sourceTree = "<group>";
		};
/* End PBXGroup section */

/* Begin PBXNativeTarget section */
		252637411E6DC53400B6B21A /* UNNotificationDemo */ = {
			isa = PBXNativeTarget;
			buildConfigurationList = 252637541E6DC53500B6B21A /* Build configuration list for PBXNativeTarget "UNNotificationDemo" */;
			buildPhases = (
				2526373E1E6DC53400B6B21A /* Sources */,
				2526373F1E6DC53400B6B21A /* Frameworks */,
				252637401E6DC53400B6B21A /* Resources */,
				25F532091E6F365300BA2A43 /* Embed App Extensions */,
			);
			buildRules = (
			);
			dependencies = (
				25F5323C1E6F3F4000BA2A43 /* PBXTargetDependency */,
				25A919EA1E750E59008EEA99 /* PBXTargetDependency */,
			);
			name = UNNotificationDemo;
			productName = UNNotificationDemo;
			productReference = 252637421E6DC53400B6B21A /* UNNotificationDemo.app */;
			productType = "com.apple.product-type.application";
		};
		25A919E31E750E59008EEA99 /* ServiceExtension */ = {
			isa = PBXNativeTarget;
			buildConfigurationList = 25A919EE1E750E59008EEA99 /* Build configuration list for PBXNativeTarget "ServiceExtension" */;
			buildPhases = (
				25A919E01E750E59008EEA99 /* Sources */,
				25A919E11E750E59008EEA99 /* Frameworks */,
				25A919E21E750E59008EEA99 /* Resources */,
			);
			buildRules = (
			);
			dependencies = (
			);
			name = ServiceExtension;
			productName = ServiceExtension;
			productReference = 25A919E41E750E59008EEA99 /* ServiceExtension.appex */;
			productType = "com.apple.product-type.app-extension";
		};
		25F5322D1E6F3F4000BA2A43 /* ContentExt */ = {
			isa = PBXNativeTarget;
			buildConfigurationList = 25F5323E1E6F3F4000BA2A43 /* Build configuration list for PBXNativeTarget "ContentExt" */;
			buildPhases = (
				25F5322A1E6F3F4000BA2A43 /* Sources */,
				25F5322B1E6F3F4000BA2A43 /* Frameworks */,
				25F5322C1E6F3F4000BA2A43 /* Resources */,
			);
			buildRules = (
			);
			dependencies = (
			);
			name = ContentExt;
			productName = ContentExt;
			productReference = 25F5322E1E6F3F4000BA2A43 /* ContentExt.appex */;
			productType = "com.apple.product-type.app-extension";
		};
/* End PBXNativeTarget section */

/* Begin PBXProject section */
		2526373A1E6DC53400B6B21A /* Project object */ = {
			isa = PBXProject;
			attributes = {
				LastSwiftUpdateCheck = 0820;
				LastUpgradeCheck = 0820;
				ORGANIZATIONNAME = "Self Learning";
				TargetAttributes = {
					252637411E6DC53400B6B21A = {
						CreatedOnToolsVersion = 8.2;
						ProvisioningStyle = Automatic;
					};
					25A919E31E750E59008EEA99 = {
						CreatedOnToolsVersion = 8.2;
						ProvisioningStyle = Automatic;
					};
					25F5322D1E6F3F4000BA2A43 = {
						CreatedOnToolsVersion = 8.2;
						ProvisioningStyle = Automatic;
					};
				};
			};
			buildConfigurationList = 2526373D1E6DC53400B6B21A /* Build configuration list for PBXProject "UNNotificationDemo" */;
			compatibilityVersion = "Xcode 3.2";
			developmentRegion = English;
			hasScannedForEncodings = 0;
			knownRegions = (
				en,
				Base,
			);
			mainGroup = 252637391E6DC53400B6B21A;
			productRefGroup = 252637431E6DC53400B6B21A /* Products */;
			projectDirPath = "";
			projectRoot = "";
			targets = (
				252637411E6DC53400B6B21A /* UNNotificationDemo */,
				25F5322D1E6F3F4000BA2A43 /* ContentExt */,
				25A919E31E750E59008EEA99 /* ServiceExtension */,
			);
		};
/* End PBXProject section */

/* Begin PBXResourcesBuildPhase section */
		252637401E6DC53400B6B21A /* Resources */ = {
			isa = PBXResourcesBuildPhase;
			buildActionMask = 2147483647;
			files = (
				252637501E6DC53500B6B21A /* LaunchScreen.storyboard in Resources */,
				2526374D1E6DC53500B6B21A /* Assets.xcassets in Resources */,
				25A919F01E7511B5008EEA99 /* giphy.gif in Resources */,
				2526374B1E6DC53500B6B21A /* Main.storyboard in Resources */,
			);
			runOnlyForDeploymentPostprocessing = 0;
		};
		25A919E21E750E59008EEA99 /* Resources */ = {
			isa = PBXResourcesBuildPhase;
			buildActionMask = 2147483647;
			files = (
			);
			runOnlyForDeploymentPostprocessing = 0;
		};
		25F5322C1E6F3F4000BA2A43 /* Resources */ = {
			isa = PBXResourcesBuildPhase;
			buildActionMask = 2147483647;
			files = (
				25F532391E6F3F4000BA2A43 /* MainInterface.storyboard in Resources */,
			);
			runOnlyForDeploymentPostprocessing = 0;
		};
/* End PBXResourcesBuildPhase section */

/* Begin PBXSourcesBuildPhase section */
		2526373E1E6DC53400B6B21A /* Sources */ = {
			isa = PBXSourcesBuildPhase;
			buildActionMask = 2147483647;
			files = (
				252637481E6DC53400B6B21A /* ViewController.swift in Sources */,
				252637461E6DC53400B6B21A /* AppDelegate.swift in Sources */,
			);
			runOnlyForDeploymentPostprocessing = 0;
		};
		25A919E01E750E59008EEA99 /* Sources */ = {
			isa = PBXSourcesBuildPhase;
			buildActionMask = 2147483647;
			files = (
				25A919E71E750E59008EEA99 /* NotificationService.swift in Sources */,
			);
			runOnlyForDeploymentPostprocessing = 0;
		};
		25F5322A1E6F3F4000BA2A43 /* Sources */ = {
			isa = PBXSourcesBuildPhase;
			buildActionMask = 2147483647;
			files = (
				25F532361E6F3F4000BA2A43 /* NotificationViewController.swift in Sources */,
			);
			runOnlyForDeploymentPostprocessing = 0;
		};
/* End PBXSourcesBuildPhase section */

/* Begin PBXTargetDependency section */
		25A919EA1E750E59008EEA99 /* PBXTargetDependency */ = {
			isa = PBXTargetDependency;
			target = 25A919E31E750E59008EEA99 /* ServiceExtension */;
			targetProxy = 25A919E91E750E59008EEA99 /* PBXContainerItemProxy */;
		};
		25F5323C1E6F3F4000BA2A43 /* PBXTargetDependency */ = {
			isa = PBXTargetDependency;
			target = 25F5322D1E6F3F4000BA2A43 /* ContentExt */;
			targetProxy = 25F5323B1E6F3F4000BA2A43 /* PBXContainerItemProxy */;
		};
/* End PBXTargetDependency section */

/* Begin PBXVariantGroup section */
		252637491E6DC53500B6B21A /* Main.storyboard */ = {
			isa = PBXVariantGroup;
			children = (
				2526374A1E6DC53500B6B21A /* Base */,
			);
			name = Main.storyboard;
			sourceTree = "<group>";
		};
		2526374E1E6DC53500B6B21A /* LaunchScreen.storyboard */ = {
			isa = PBXVariantGroup;
			children = (
				2526374F1E6DC53500B6B21A /* Base */,
			);
			name = LaunchScreen.storyboard;
			sourceTree = "<group>";
		};
		25F532371E6F3F4000BA2A43 /* MainInterface.storyboard */ = {
			isa = PBXVariantGroup;
			children = (
				25F532381E6F3F4000BA2A43 /* Base */,
			);
			name = MainInterface.storyboard;
			sourceTree = "<group>";
		};
/* End PBXVariantGroup section */

/* Begin XCBuildConfiguration section */
		252637521E6DC53500B6B21A /* Debug */ = {
			isa = XCBuildConfiguration;
			buildSettings = {
				ALWAYS_SEARCH_USER_PATHS = NO;
				CLANG_ANALYZER_NONNULL = YES;
				CLANG_CXX_LANGUAGE_STANDARD = "gnu++0x";
				CLANG_CXX_LIBRARY = "libc++";
				CLANG_ENABLE_MODULES = YES;
				CLANG_ENABLE_OBJC_ARC = YES;
				CLANG_WARN_BOOL_CONVERSION = YES;
				CLANG_WARN_CONSTANT_CONVERSION = YES;
				CLANG_WARN_DIRECT_OBJC_ISA_USAGE = YES_ERROR;
				CLANG_WARN_DOCUMENTATION_COMMENTS = YES;
				CLANG_WARN_EMPTY_BODY = YES;
				CLANG_WARN_ENUM_CONVERSION = YES;
				CLANG_WARN_INFINITE_RECURSION = YES;
				CLANG_WARN_INT_CONVERSION = YES;
				CLANG_WARN_OBJC_ROOT_CLASS = YES_ERROR;
				CLANG_WARN_SUSPICIOUS_MOVE = YES;
				CLANG_WARN_UNREACHABLE_CODE = YES;
				CLANG_WARN__DUPLICATE_METHOD_MATCH = YES;
				"CODE_SIGN_IDENTITY[sdk=iphoneos*]" = "iPhone Developer";
				COPY_PHASE_STRIP = NO;
				DEBUG_INFORMATION_FORMAT = dwarf;
				ENABLE_STRICT_OBJC_MSGSEND = YES;
				ENABLE_TESTABILITY = YES;
				GCC_C_LANGUAGE_STANDARD = gnu99;
				GCC_DYNAMIC_NO_PIC = NO;
				GCC_NO_COMMON_BLOCKS = YES;
				GCC_OPTIMIZATION_LEVEL = 0;
				GCC_PREPROCESSOR_DEFINITIONS = (
					"DEBUG=1",
					"$(inherited)",
				);
				GCC_WARN_64_TO_32_BIT_CONVERSION = YES;
				GCC_WARN_ABOUT_RETURN_TYPE = YES_ERROR;
				GCC_WARN_UNDECLARED_SELECTOR = YES;
				GCC_WARN_UNINITIALIZED_AUTOS = YES_AGGRESSIVE;
				GCC_WARN_UNUSED_FUNCTION = YES;
				GCC_WARN_UNUSED_VARIABLE = YES;
				IPHONEOS_DEPLOYMENT_TARGET = 10.2;
				MTL_ENABLE_DEBUG_INFO = YES;
				ONLY_ACTIVE_ARCH = YES;
				SDKROOT = iphoneos;
				SWIFT_ACTIVE_COMPILATION_CONDITIONS = DEBUG;
				SWIFT_OPTIMIZATION_LEVEL = "-Onone";
				TARGETED_DEVICE_FAMILY = "1,2";
			};
			name = Debug;
		};
		252637531E6DC53500B6B21A /* Release */ = {
			isa = XCBuildConfiguration;
			buildSettings = {
				ALWAYS_SEARCH_USER_PATHS = NO;
				CLANG_ANALYZER_NONNULL = YES;
				CLANG_CXX_LANGUAGE_STANDARD = "gnu++0x";
				CLANG_CXX_LIBRARY = "libc++";
				CLANG_ENABLE_MODULES = YES;
				CLANG_ENABLE_OBJC_ARC = YES;
				CLANG_WARN_BOOL_CONVERSION = YES;
				CLANG_WARN_CONSTANT_CONVERSION = YES;
				CLANG_WARN_DIRECT_OBJC_ISA_USAGE = YES_ERROR;
				CLANG_WARN_DOCUMENTATION_COMMENTS = YES;
				CLANG_WARN_EMPTY_BODY = YES;
				CLANG_WARN_ENUM_CONVERSION = YES;
				CLANG_WARN_INFINITE_RECURSION = YES;
				CLANG_WARN_INT_CONVERSION = YES;
				CLANG_WARN_OBJC_ROOT_CLASS = YES_ERROR;
				CLANG_WARN_SUSPICIOUS_MOVE = YES;
				CLANG_WARN_UNREACHABLE_CODE = YES;
				CLANG_WARN__DUPLICATE_METHOD_MATCH = YES;
				"CODE_SIGN_IDENTITY[sdk=iphoneos*]" = "iPhone Developer";
				COPY_PHASE_STRIP = NO;
				DEBUG_INFORMATION_FORMAT = "dwarf-with-dsym";
				ENABLE_NS_ASSERTIONS = NO;
				ENABLE_STRICT_OBJC_MSGSEND = YES;
				GCC_C_LANGUAGE_STANDARD = gnu99;
				GCC_NO_COMMON_BLOCKS = YES;
				GCC_WARN_64_TO_32_BIT_CONVERSION = YES;
				GCC_WARN_ABOUT_RETURN_TYPE = YES_ERROR;
				GCC_WARN_UNDECLARED_SELECTOR = YES;
				GCC_WARN_UNINITIALIZED_AUTOS = YES_AGGRESSIVE;
				GCC_WARN_UNUSED_FUNCTION = YES;
				GCC_WARN_UNUSED_VARIABLE = YES;
				IPHONEOS_DEPLOYMENT_TARGET = 10.2;
				MTL_ENABLE_DEBUG_INFO = NO;
				SDKROOT = iphoneos;
				SWIFT_OPTIMIZATION_LEVEL = "-Owholemodule";
				TARGETED_DEVICE_FAMILY = "1,2";
				VALIDATE_PRODUCT = YES;
			};
			name = Release;
		};
		252637551E6DC53500B6B21A /* Debug */ = {
			isa = XCBuildConfiguration;
			buildSettings = {
				ALWAYS_EMBED_SWIFT_STANDARD_LIBRARIES = YES;
				ASSETCATALOG_COMPILER_APPICON_NAME = AppIcon;
				INFOPLIST_FILE = UNNotificationDemo/Info.plist;
				IPHONEOS_DEPLOYMENT_TARGET = 10.0;
				LD_RUNPATH_SEARCH_PATHS = "$(inherited) @executable_path/Frameworks";
				PRODUCT_BUNDLE_IDENTIFIER = com.slearning.UNNotificationDemo;
				PRODUCT_NAME = "$(TARGET_NAME)";
				SWIFT_VERSION = 3.0;
			};
			name = Debug;
		};
		252637561E6DC53500B6B21A /* Release */ = {
			isa = XCBuildConfiguration;
			buildSettings = {
				ALWAYS_EMBED_SWIFT_STANDARD_LIBRARIES = YES;
				ASSETCATALOG_COMPILER_APPICON_NAME = AppIcon;
				INFOPLIST_FILE = UNNotificationDemo/Info.plist;
				IPHONEOS_DEPLOYMENT_TARGET = 10.0;
				LD_RUNPATH_SEARCH_PATHS = "$(inherited) @executable_path/Frameworks";
				PRODUCT_BUNDLE_IDENTIFIER = com.slearning.UNNotificationDemo;
				PRODUCT_NAME = "$(TARGET_NAME)";
				SWIFT_VERSION = 3.0;
			};
			name = Release;
		};
		25A919EC1E750E59008EEA99 /* Debug */ = {
			isa = XCBuildConfiguration;
			buildSettings = {
				INFOPLIST_FILE = ServiceExtension/Info.plist;
				LD_RUNPATH_SEARCH_PATHS = "$(inherited) @executable_path/Frameworks @executable_path/../../Frameworks";
				PRODUCT_BUNDLE_IDENTIFIER = com.slearning.UNNotificationDemo.ServiceExtension;
				PRODUCT_NAME = "$(TARGET_NAME)";
				SKIP_INSTALL = YES;
				SWIFT_VERSION = 3.0;
			};
			name = Debug;
		};
		25A919ED1E750E59008EEA99 /* Release */ = {
			isa = XCBuildConfiguration;
			buildSettings = {
				INFOPLIST_FILE = ServiceExtension/Info.plist;
				LD_RUNPATH_SEARCH_PATHS = "$(inherited) @executable_path/Frameworks @executable_path/../../Frameworks";
				PRODUCT_BUNDLE_IDENTIFIER = com.slearning.UNNotificationDemo.ServiceExtension;
				PRODUCT_NAME = "$(TARGET_NAME)";
				SKIP_INSTALL = YES;
				SWIFT_VERSION = 3.0;
			};
			name = Release;
		};
		25F5323F1E6F3F4000BA2A43 /* Debug */ = {
			isa = XCBuildConfiguration;
			buildSettings = {
				INFOPLIST_FILE = ContentExt/Info.plist;
				LD_RUNPATH_SEARCH_PATHS = "$(inherited) @executable_path/Frameworks @executable_path/../../Frameworks";
				PRODUCT_BUNDLE_IDENTIFIER = com.slearning.UNNotificationDemo.ContentExt;
				PRODUCT_NAME = "$(TARGET_NAME)";
				SKIP_INSTALL = YES;
				SWIFT_VERSION = 3.0;
			};
			name = Debug;
		};
		25F532401E6F3F4000BA2A43 /* Release */ = {
			isa = XCBuildConfiguration;
			buildSettings = {
				INFOPLIST_FILE = ContentExt/Info.plist;
				LD_RUNPATH_SEARCH_PATHS = "$(inherited) @executable_path/Frameworks @executable_path/../../Frameworks";
				PRODUCT_BUNDLE_IDENTIFIER = com.slearning.UNNotificationDemo.ContentExt;
				PRODUCT_NAME = "$(TARGET_NAME)";
				SKIP_INSTALL = YES;
				SWIFT_VERSION = 3.0;
			};
			name = Release;
		};
/* End XCBuildConfiguration section */

/* Begin XCConfigurationList section */
		2526373D1E6DC53400B6B21A /* Build configuration list for PBXProject "UNNotificationDemo" */ = {
			isa = XCConfigurationList;
			buildConfigurations = (
				252637521E6DC53500B6B21A /* Debug */,
				252637531E6DC53500B6B21A /* Release */,
			);
			defaultConfigurationIsVisible = 0;
			defaultConfigurationName = Release;
		};
		252637541E6DC53500B6B21A /* Build configuration list for PBXNativeTarget "UNNotificationDemo" */ = {
			isa = XCConfigurationList;
			buildConfigurations = (
				252637551E6DC53500B6B21A /* Debug */,
				252637561E6DC53500B6B21A /* Release */,
			);
			defaultConfigurationIsVisible = 0;
			defaultConfigurationName = Release;
		};
		25A919EE1E750E59008EEA99 /* Build configuration list for PBXNativeTarget "ServiceExtension" */ = {
			isa = XCConfigurationList;
			buildConfigurations = (
				25A919EC1E750E59008EEA99 /* Debug */,
				25A919ED1E750E59008EEA99 /* Release */,
			);
			defaultConfigurationIsVisible = 0;
		};
		25F5323E1E6F3F4000BA2A43 /* Build configuration list for PBXNativeTarget "ContentExt" */ = {
			isa = XCConfigurationList;
			buildConfigurations = (
				25F5323F1E6F3F4000BA2A43 /* Debug */,
				25F532401E6F3F4000BA2A43 /* Release */,
			);
			defaultConfigurationIsVisible = 0;
			defaultConfigurationName = Release;
		};
/* End XCConfigurationList section */
	};
	rootObject = 2526373A1E6DC53400B6B21A /* Project object */;
}
