// !$*UTF8*$!
{
	archiveVersion = 1;
	classes = {
	};
	objectVersion = 46;
	objects = {

/* Begin PBXBuildFile section */
		255C349A1EE0785B00B38F35 /* AppDelegate.swift in Sources */ = {isa = PBXBuildFile; fileRef = 255C34991EE0785B00B38F35 /* AppDelegate.swift */; };
		255C349C1EE0785B00B38F35 /* LoginViewController.swift in Sources */ = {isa = PBXBuildFile; fileRef = 255C349B1EE0785B00B38F35 /* LoginViewController.swift */; };
		255C349F1EE0785B00B38F35 /* Main.storyboard in Resources */ = {isa = PBXBuildFile; fileRef = 255C349D1EE0785B00B38F35 /* Main.storyboard */; };
		255C34A11EE0785B00B38F35 /* Assets.xcassets in Resources */ = {isa = PBXBuildFile; fileRef = 255C34A01EE0785B00B38F35 /* Assets.xcassets */; };
		255C34A41EE0785B00B38F35 /* LaunchScreen.storyboard in Resources */ = {isa = PBXBuildFile; fileRef = 255C34A21EE0785B00B38F35 /* LaunchScreen.storyboard */; };
/* End PBXBuildFile section */

/* Begin PBXFileReference section */
		255C34961EE0785B00B38F35 /* LoginExample.app */ = {isa = PBXFileReference; explicitFileType = wrapper.application; includeInIndex = 0; path = LoginExample.app; sourceTree = BUILT_PRODUCTS_DIR; };
		255C34991EE0785B00B38F35 /* AppDelegate.swift */ = {isa = PBXFileReference; lastKnownFileType = sourcecode.swift; path = AppDelegate.swift; sourceTree = "<group>"; };
		255C349B1EE0785B00B38F35 /* LoginViewController.swift */ = {isa = PBXFileReference; lastKnownFileType = sourcecode.swift; path = LoginViewController.swift; sourceTree = "<group>"; };
		255C349E1EE0785B00B38F35 /* Base */ = {isa = PBXFileReference; lastKnownFileType = file.storyboard; name = Base; path = Base.lproj/Main.storyboard; sourceTree = "<group>"; };
		255C34A01EE0785B00B38F35 /* Assets.xcassets */ = {isa = PBXFileReference; lastKnownFileType = folder.assetcatalog; path = Assets.xcassets; sourceTree = "<group>"; };
		255C34A31EE0785B00B38F35 /* Base */ = {isa = PBXFileReference; lastKnownFileType = file.storyboard; name = Base; path = Base.lproj/LaunchScreen.storyboard; sourceTree = "<group>"; };
		255C34A51EE0785B00B38F35 /* Info.plist */ = {isa = PBXFileReference; lastKnownFileType = text.plist.xml; path = Info.plist; sourceTree = "<group>"; };
/* End PBXFileReference section */

/* Begin PBXFrameworksBuildPhase section */
		255C34931EE0785B00B38F35 /* Frameworks */ = {
			isa = PBXFrameworksBuildPhase;
			buildActionMask = 2147483647;
			files = (
			);
			runOnlyForDeploymentPostprocessing = 0;
		};
/* End PBXFrameworksBuildPhase section */

/* Begin PBXGroup section */
		255C348D1EE0785B00B38F35 = {
			isa = PBXGroup;
			children = (
				255C34981EE0785B00B38F35 /* LoginExample */,
				255C34971EE0785B00B38F35 /* Products */,
			);
			sourceTree = "<group>";
		};
		255C34971EE0785B00B38F35 /* Products */ = {
			isa = PBXGroup;
			children = (
				255C34961EE0785B00B38F35 /* LoginExample.app */,
			);
			name = Products;
			sourceTree = "<group>";
		};
		255C34981EE0785B00B38F35 /* LoginExample */ = {
			isa = PBXGroup;
			children = (
				255C34AD1EE078EF00B38F35 /* Model */,
				255C34AC1EE078E100B38F35 /* ViewController */,
				255C34AB1EE0789000B38F35 /* Supporting Files */,
				255C349B1EE0785B00B38F35 /* LoginViewController.swift */,
				255C349D1EE0785B00B38F35 /* Main.storyboard */,
			);
			path = LoginExample;
			sourceTree = "<group>";
		};
		255C34AB1EE0789000B38F35 /* Supporting Files */ = {
			isa = PBXGroup;
			children = (
				255C34991EE0785B00B38F35 /* AppDelegate.swift */,
				255C34A01EE0785B00B38F35 /* Assets.xcassets */,
				255C34A21EE0785B00B38F35 /* LaunchScreen.storyboard */,
				255C34A51EE0785B00B38F35 /* Info.plist */,
			);
			name = "Supporting Files";
			sourceTree = "<group>";
		};
		255C34AC1EE078E100B38F35 /* ViewController */ = {
			isa = PBXGroup;
			children = (
			);
			name = ViewController;
			sourceTree = "<group>";
		};
		255C34AD1EE078EF00B38F35 /* Model */ = {
			isa = PBXGroup;
			children = (
			);
			name = Model;
			sourceTree = "<group>";
		};
/* End PBXGroup section */

/* Begin PBXNativeTarget section */
		255C34951EE0785B00B38F35 /* LoginExample */ = {
			isa = PBXNativeTarget;
			buildConfigurationList = 255C34A81EE0785B00B38F35 /* Build configuration list for PBXNativeTarget "LoginExample" */;
			buildPhases = (
				255C34921EE0785B00B38F35 /* Sources */,
				255C34931EE0785B00B38F35 /* Frameworks */,
				255C34941EE0785B00B38F35 /* Resources */,
			);
			buildRules = (
			);
			dependencies = (
			);
			name = LoginExample;
			productName = LoginExample;
			productReference = 255C34961EE0785B00B38F35 /* LoginExample.app */;
			productType = "com.apple.product-type.application";
		};
/* End PBXNativeTarget section */

/* Begin PBXProject section */
		255C348E1EE0785B00B38F35 /* Project object */ = {
			isa = PBXProject;
			attributes = {
				LastSwiftUpdateCheck = 0820;
				LastUpgradeCheck = 0820;
				ORGANIZATIONNAME = Impetus;
				TargetAttributes = {
					255C34951EE0785B00B38F35 = {
						CreatedOnToolsVersion = 8.2;
						DevelopmentTeam = UT23KJER38;
						ProvisioningStyle = Automatic;
					};
				};
			};
			buildConfigurationList = 255C34911EE0785B00B38F35 /* Build configuration list for PBXProject "LoginExample" */;
			compatibilityVersion = "Xcode 3.2";
			developmentRegion = English;
			hasScannedForEncodings = 0;
			knownRegions = (
				en,
				Base,
			);
			mainGroup = 255C348D1EE0785B00B38F35;
			productRefGroup = 255C34971EE0785B00B38F35 /* Products */;
			projectDirPath = "";
			projectRoot = "";
			targets = (
				255C34951EE0785B00B38F35 /* LoginExample */,
			);
		};
/* End PBXProject section */

/* Begin PBXResourcesBuildPhase section */
		255C34941EE0785B00B38F35 /* Resources */ = {
			isa = PBXResourcesBuildPhase;
			buildActionMask = 2147483647;
			files = (
				255C34A41EE0785B00B38F35 /* LaunchScreen.storyboard in Resources */,
				255C34A11EE0785B00B38F35 /* Assets.xcassets in Resources */,
				255C349F1EE0785B00B38F35 /* Main.storyboard in Resources */,
			);
			runOnlyForDeploymentPostprocessing = 0;
		};
/* End PBXResourcesBuildPhase section */

/* Begin PBXSourcesBuildPhase section */
		255C34921EE0785B00B38F35 /* Sources */ = {
			isa = PBXSourcesBuildPhase;
			buildActionMask = 2147483647;
			files = (
				255C349C1EE0785B00B38F35 /* LoginViewController.swift in Sources */,
				255C349A1EE0785B00B38F35 /* AppDelegate.swift in Sources */,
			);
			runOnlyForDeploymentPostprocessing = 0;
		};
/* End PBXSourcesBuildPhase section */

/* Begin PBXVariantGroup section */
		255C349D1EE0785B00B38F35 /* Main.storyboard */ = {
			isa = PBXVariantGroup;
			children = (
				255C349E1EE0785B00B38F35 /* Base */,
			);
			name = Main.storyboard;
			sourceTree = "<group>";
		};
		255C34A21EE0785B00B38F35 /* LaunchScreen.storyboard */ = {
			isa = PBXVariantGroup;
			children = (
				255C34A31EE0785B00B38F35 /* Base */,
			);
			name = LaunchScreen.storyboard;
			sourceTree = "<group>";
		};
/* End PBXVariantGroup section */

/* Begin XCBuildConfiguration section */
		255C34A61EE0785B00B38F35 /* Debug */ = {
			isa = XCBuildConfiguration;
			buildSettings = {
				ALWAYS_SEARCH_USER_PATHS = NO;
				CLANG_ANALYZER_NONNULL = YES;
				CLANG_CXX_LANGUAGE_STANDARD = "gnu++0x";
				CLANG_CXX_LIBRARY = "libc++";
				CLANG_ENABLE_MODULES = YES;
				CLANG_ENABLE_OBJC_ARC = YES;
				CLANG_WARN_BOOL_CONVERSION = YES;
				CLANG_WARN_CONSTANT_CONVERSION = YES;
				CLANG_WARN_DIRECT_OBJC_ISA_USAGE = YES_ERROR;
				CLANG_WARN_DOCUMENTATION_COMMENTS = YES;
				CLANG_WARN_EMPTY_BODY = YES;
				CLANG_WARN_ENUM_CONVERSION = YES;
				CLANG_WARN_INFINITE_RECURSION = YES;
				CLANG_WARN_INT_CONVERSION = YES;
				CLANG_WARN_OBJC_ROOT_CLASS = YES_ERROR;
				CLANG_WARN_SUSPICIOUS_MOVE = YES;
				CLANG_WARN_UNREACHABLE_CODE = YES;
				CLANG_WARN__DUPLICATE_METHOD_MATCH = YES;
				"CODE_SIGN_IDENTITY[sdk=iphoneos*]" = "iPhone Developer";
				COPY_PHASE_STRIP = NO;
				DEBUG_INFORMATION_FORMAT = dwarf;
				ENABLE_STRICT_OBJC_MSGSEND = YES;
				ENABLE_TESTABILITY = YES;
				GCC_C_LANGUAGE_STANDARD = gnu99;
				GCC_DYNAMIC_NO_PIC = NO;
				GCC_NO_COMMON_BLOCKS = YES;
				GCC_OPTIMIZATION_LEVEL = 0;
				GCC_PREPROCESSOR_DEFINITIONS = (
					"DEBUG=1",
					"$(inherited)",
				);
				GCC_WARN_64_TO_32_BIT_CONVERSION = YES;
				GCC_WARN_ABOUT_RETURN_TYPE = YES_ERROR;
				GCC_WARN_UNDECLARED_SELECTOR = YES;
				GCC_WARN_UNINITIALIZED_AUTOS = YES_AGGRESSIVE;
				GCC_WARN_UNUSED_FUNCTION = YES;
				GCC_WARN_UNUSED_VARIABLE = YES;
				IPHONEOS_DEPLOYMENT_TARGET = 10.2;
				MTL_ENABLE_DEBUG_INFO = YES;
				ONLY_ACTIVE_ARCH = YES;
				SDKROOT = iphoneos;
				SWIFT_ACTIVE_COMPILATION_CONDITIONS = DEBUG;
				SWIFT_OPTIMIZATION_LEVEL = "-Onone";
				TARGETED_DEVICE_FAMILY = "1,2";
			};
			name = Debug;
		};
		255C34A71EE0785B00B38F35 /* Release */ = {
			isa = XCBuildConfiguration;
			buildSettings = {
				ALWAYS_SEARCH_USER_PATHS = NO;
				CLANG_ANALYZER_NONNULL = YES;
				CLANG_CXX_LANGUAGE_STANDARD = "gnu++0x";
				CLANG_CXX_LIBRARY = "libc++";
				CLANG_ENABLE_MODULES = YES;
				CLANG_ENABLE_OBJC_ARC = YES;
				CLANG_WARN_BOOL_CONVERSION = YES;
				CLANG_WARN_CONSTANT_CONVERSION = YES;
				CLANG_WARN_DIRECT_OBJC_ISA_USAGE = YES_ERROR;
				CLANG_WARN_DOCUMENTATION_COMMENTS = YES;
				CLANG_WARN_EMPTY_BODY = YES;
				CLANG_WARN_ENUM_CONVERSION = YES;
				CLANG_WARN_INFINITE_RECURSION = YES;
				CLANG_WARN_INT_CONVERSION = YES;
				CLANG_WARN_OBJC_ROOT_CLASS = YES_ERROR;
				CLANG_WARN_SUSPICIOUS_MOVE = YES;
				CLANG_WARN_UNREACHABLE_CODE = YES;
				CLANG_WARN__DUPLICATE_METHOD_MATCH = YES;
				"CODE_SIGN_IDENTITY[sdk=iphoneos*]" = "iPhone Developer";
				COPY_PHASE_STRIP = NO;
				DEBUG_INFORMATION_FORMAT = "dwarf-with-dsym";
				ENABLE_NS_ASSERTIONS = NO;
				ENABLE_STRICT_OBJC_MSGSEND = YES;
				GCC_C_LANGUAGE_STANDARD = gnu99;
				GCC_NO_COMMON_BLOCKS = YES;
				GCC_WARN_64_TO_32_BIT_CONVERSION = YES;
				GCC_WARN_ABOUT_RETURN_TYPE = YES_ERROR;
				GCC_WARN_UNDECLARED_SELECTOR = YES;
				GCC_WARN_UNINITIALIZED_AUTOS = YES_AGGRESSIVE;
				GCC_WARN_UNUSED_FUNCTION = YES;
				GCC_WARN_UNUSED_VARIABLE = YES;
				IPHONEOS_DEPLOYMENT_TARGET = 10.2;
				MTL_ENABLE_DEBUG_INFO = NO;
				SDKROOT = iphoneos;
				SWIFT_OPTIMIZATION_LEVEL = "-Owholemodule";
				TARGETED_DEVICE_FAMILY = "1,2";
				VALIDATE_PRODUCT = YES;
			};
			name = Release;
		};
		255C34A91EE0785B00B38F35 /* Debug */ = {
			isa = XCBuildConfiguration;
			buildSettings = {
				ASSETCATALOG_COMPILER_APPICON_NAME = AppIcon;
				DEVELOPMENT_TEAM = UT23KJER38;
				INFOPLIST_FILE = LoginExample/Info.plist;
				LD_RUNPATH_SEARCH_PATHS = "$(inherited) @executable_path/Frameworks";
				PRODUCT_BUNDLE_IDENTIFIER = com.impetus.allservices.LoginExample;
				PRODUCT_NAME = "$(TARGET_NAME)";
				SWIFT_VERSION = 3.0;
			};
			name = Debug;
		};
		255C34AA1EE0785B00B38F35 /* Release */ = {
			isa = XCBuildConfiguration;
			buildSettings = {
				ASSETCATALOG_COMPILER_APPICON_NAME = AppIcon;
				DEVELOPMENT_TEAM = UT23KJER38;
				INFOPLIST_FILE = LoginExample/Info.plist;
				LD_RUNPATH_SEARCH_PATHS = "$(inherited) @executable_path/Frameworks";
				PRODUCT_BUNDLE_IDENTIFIER = com.impetus.allservices.LoginExample;
				PRODUCT_NAME = "$(TARGET_NAME)";
				SWIFT_VERSION = 3.0;
			};
			name = Release;
		};
/* End XCBuildConfiguration section */

/* Begin XCConfigurationList section */
		255C34911EE0785B00B38F35 /* Build configuration list for PBXProject "LoginExample" */ = {
			isa = XCConfigurationList;
			buildConfigurations = (
				255C34A61EE0785B00B38F35 /* Debug */,
				255C34A71EE0785B00B38F35 /* Release */,
			);
			defaultConfigurationIsVisible = 0;
			defaultConfigurationName = Release;
		};
		255C34A81EE0785B00B38F35 /* Build configuration list for PBXNativeTarget "LoginExample" */ = {
			isa = XCConfigurationList;
			buildConfigurations = (
				255C34A91EE0785B00B38F35 /* Debug */,
				255C34AA1EE0785B00B38F35 /* Release */,
			);
			defaultConfigurationIsVisible = 0;
		};
/* End XCConfigurationList section */
	};
	rootObject = 255C348E1EE0785B00B38F35 /* Project object */;
}
